{
  "name": "momoa-node16",
  "version": "1.0.0",
  "lockfileVersion": 3,
  "requires": true,
  "packages": {
    "": {
      "name": "momoa-node16",
      "version": "1.0.0",
      "dependencies": {
        "@humanwhocodes/momoa": "file:../../../"
      }
    },
    "../../..": {
      "name": "@humanwhocodes/momoa",
      "version": "3.3.5",
      "license": "Apache-2.0",
      "devDependencies": {
        "beautify-benchmark": "0.2.4",
        "benchmark": "2.1.4",
        "chai": "^4.3.7",
        "eslint": "8.57.1",
        "esm": "3.2.25",
        "json-to-ast": "2.1.0",
        "json5": "^2.2.3",
        "mocha": "^11.0.0",
        "npm-run-all2": "^7.0.0",
        "rollup": "^4.19.0",
        "rollup-plugin-copy": "^3.4.0",
        "rollup-plugin-dts": "^6.1.1",
        "sinon": "^19.0.0",
        "typescript": "^5.5.4"
      },
      "engines": {
        "node": ">=18"
      }
    },
    "node_modules/@humanwhocodes/momoa": {
      "resolved": "../../..",
      "link": true
    }
  }
}
